
Microsoft Visual Studio Solution File, Format Version 11.00
# Visual Studio 2010
Project("{CC5FD16D-436D-48AD-A40C-5A424C6E3E79}") = "AzureStoreService", "AzureStoreService\AzureStoreService.ccproj", "{CEABCF2B-BFCA-4393-B98D-A12B8551BA49}"
EndProject
Project("{FAE04EC0-301F-11D3-BF4B-00C04F79EFBC}") = "MVCAzureStore", "AzureStore\MVCAzureStore.csproj", "{67F7578A-2367-420D-9058-7971E3D9EB8B}"
EndProject
Global
	GlobalSection(SolutionConfigurationPlatforms) = preSolution
		Debug|Any CPU = Debug|Any CPU
		Release|Any CPU = Release|Any CPU
	EndGlobalSection
	GlobalSection(ProjectConfigurationPlatforms) = postSolution
		{67F7578A-2367-420D-9058-7971E3D9EB8B}.Debug|Any CPU.ActiveCfg = Debug|Any CPU
		{67F7578A-2367-420D-9058-7971E3D9EB8B}.Debug|Any CPU.Build.0 = Debug|Any CPU
		{67F7578A-2367-420D-9058-7971E3D9EB8B}.Release|Any CPU.ActiveCfg = Release|Any CPU
		{67F7578A-2367-420D-9058-7971E3D9EB8B}.Release|Any CPU.Build.0 = Release|Any CPU
		{CEABCF2B-BFCA-4393-B98D-A12B8551BA49}.Debug|Any CPU.ActiveCfg = Debug|Any CPU
		{CEABCF2B-BFCA-4393-B98D-A12B8551BA49}.Debug|Any CPU.Build.0 = Debug|Any CPU
		{CEABCF2B-BFCA-4393-B98D-A12B8551BA49}.Release|Any CPU.ActiveCfg = Release|Any CPU
		{CEABCF2B-BFCA-4393-B98D-A12B8551BA49}.Release|Any CPU.Build.0 = Release|Any CPU
	EndGlobalSection
	GlobalSection(SolutionProperties) = preSolution
		HideSolutionNode = FALSE
	EndGlobalSection
EndGlobal
